github.com/davecgh/go-spew v1.1.1/go.mod h1:J7Y8YcW2NihsgmVo/mv3lAwl/skON4iLHjSsI+c5H38=
github.com/ibm-messaging/mq-golang/v5 v5.2.4 h1:Sn+XpnhlTzBs/xPRAHzSx+YjCdxhmzJu5bv4pWTWu/I=
github.com/ibm-messaging/mq-golang/v5 v5.2.4/go.mod h1:ywCwmYbJOU/E0rl+z4GiNoxVMty68O+LVO39a1VMXrE=
github.com/ibm-messaging/mq-golang/v5 v5.2.5 h1:lHfC7y634fBlB6weX1g3nPGBY+Yazqs3N+cdIKge3/c=
github.com/ibm-messaging/mq-golang/v5 v5.2.5/go.mod h1:ywCwmYbJOU/E0rl+z4GiNoxVMty68O+LVO39a1VMXrE=
github.com/ibm-messaging/mq-golang/v5 v5.3.0 h1:BfSrGT+abBYNZd9jSdg+6nLkNxpjr4/Rulv6d9gVD34=
github.com/ibm-messaging/mq-golang/v5 v5.3.0/go.mod h1:ywCwmYbJOU/E0rl+z4GiNoxVMty68O+LVO39a1VMXrE=
github.com/pmezard/go-difflib v1.0.0/go.mod h1:iKH77koFhYxTK1pcRnkKkqfTogsbg7gZNVY4sRDYZ/4=
github.com/sirupsen/logrus v1.8.1 h1:dJKuHgqk1NNQlqoA6BTlM1Wf9DOH3NBjQyu0h9+AZZE=
github.com/sirupsen/logrus v1.8.1/go.mod h1:yWOB1SBYBC5VeMP7gHvWumXLIWorT60ONWic61uBYv0=
github.com/stretchr/testify v1.2.2/go.mod h1:a8OnRcib4nhh0OaRAV+Yts87kKdq0PP7pXfy6kDkUVs=
golang.org/x/crypto v0.0.0-20220126234351-aa10faf2a1f8 h1:kACShD3qhmr/3rLmg1yXyt+N4HcwutKyPRB93s54TIU=
golang.org/x/crypto v0.0.0-20220126234351-aa10faf2a1f8/go.mod h1:IxCIyHEi3zRg3s0A5j5BB6A9Jmi73HwBIUl50j+osU4=
golang.org/x/net v0.0.0-20211112202133-69e39bad7dc2/go.mod h1:9nx3DQGgdP8bBQD5qxJ1jj9UTztislL4KSBs9R2vV5Y=
golang.org/x/sys v0.0.0-20191026070338-33540a1f6037/go.mod h1:h1NjWce9XRLGQEsW7wpKNCjG9DtNlClVuFLEZdDNbEs=
golang.org/x/sys v0.0.0-20201119102817-f84b799fce68/go.mod h1:h1NjWce9XRLGQEsW7wpKNCjG9DtNlClVuFLEZdDNbEs=
golang.org/x/sys v0.0.0-20210423082822-04245dca01da/go.mod h1:h1NjWce9XRLGQEsW7wpKNCjG9DtNlClVuFLEZdDNbEs=
golang.org/x/sys v0.0.0-20210615035016-665e8c7367d1 h1:SrN+KX8Art/Sf4HNj6Zcz06G7VEz+7w9tdXTPOZ7+l4=
golang.org/x/sys v0.0.0-20210615035016-665e8c7367d1/go.mod h1:oPkhp1MJrh7nUepCBck5+mAzfO9JrbApNNgaTdGDITg=
golang.org/x/term v0.0.0-20201126162022-7de9c90e9dd1 h1:v+OssWQX+hTHEmOBgwxdZxK4zHq3yOs8F9J7mk0PY8E=
golang.org/x/term v0.0.0-20201126162022-7de9c90e9dd1/go.mod h1:bj7SfCRtBDWHUb9snDiAeCFNEtKQo2Wmx5Cou7ajbmo=
golang.org/x/text v0.3.6/go.mod h1:5Zoc/QRtKVWzQhOtBMvqHzDpF6irO9z98xDceosuGiQ=
golang.org/x/tools v0.0.0-20180917221912-90fa682c2a6e/go.mod h1:n7NCudcB/nEzxVGmLbDWY5pfWTLqBcC2KZ6jyYvM4mQ=
